{
  "name": "Cars",
  "lockfileVersion": 2,
  "requires": true,
  "packages": {
    "": {
      "dependencies": {
        "@angular/language-service": "^12.2.5"
      }
    },
    "node_modules/@angular/language-service": {
      "version": "12.2.5",
      "resolved": "https://registry.npmjs.org/@angular/language-service/-/language-service-12.2.5.tgz",
      "integrity": "sha512-UypVxx1/ArXvYiSqzpIc/MUv+NkyQzMgZ96z2rG2ALqEVe+/m0AZEtvT/pD94Z0wlZDeMVaToD3OhRkQ4om2aA==",
      "engines": {
        "node": "^12.14.1 || >=14.0.0"
      }
    }
  },
  "dependencies": {
    "@angular/language-service": {
      "version": "12.2.5",
      "resolved": "https://registry.npmjs.org/@angular/language-service/-/language-service-12.2.5.tgz",
      "integrity": "sha512-UypVxx1/ArXvYiSqzpIc/MUv+NkyQzMgZ96z2rG2ALqEVe+/m0AZEtvT/pD94Z0wlZDeMVaToD3OhRkQ4om2aA=="
    }
  }
}
